# This file is automatically @generated by Cargo.
# It is not intended for manual editing.
version = 4

[[package]]
name = "runasmidja"
version = "0.2.0"
dependencies = [
 "runasmidja-core",
 "runasmidja-crypto",
 "runasmidja-html",
 "runasmidja-ports",
]

[[package]]
name = "runasmidja-core"
version = "0.2.0"

[[package]]
name = "runasmidja-crypto"
version = "0.2.0"

[[package]]
name = "runasmidja-html"
version = "0.2.0"

[[package]]
name = "runasmidja-ports"
version = "0.2.0"

[[package]]
name = "runasmidja-server"
version = "0.2.0"
